github.com/clipperhouse/uax29/v2 v2.2.0 h1:ChwIKnQN3kcZteTXMgb1wztSgaU+ZemkgWdohwgs8tY=
github.com/clipperhouse/uax29/v2 v2.2.0/go.mod h1:EFJ2TJMRUaplDxHKj1qAEhCtQPW2tJSwu5BF98AuoVM=
github.com/mattn/go-runewidth v0.0.24 h1:cpokDiIn0MGnhdHwuWnJBITySJ20QyNGnY2kR/ay2DU=
github.com/mattn/go-runewidth v0.0.24/go.mod h1:XBkDxAl56ILZc9knddidhrOlY5R/pDhgLpndooCuJAs=
github.com/phroun/argwild v0.0.1 h1:fuPz2nw3G1j4Jd8+6oqq6Icbs1qLCDIVrSwDxBeiFMw=
github.com/phroun/argwild v0.0.1/go.mod h1:bWr6chqXHw2CEMUoMMwHK6vRn02jCvv1lEpJugW+/6E=
github.com/phroun/direct-key-handler v0.3.18 h1:Y4RyzJdkPKoQ0542tzX0yB5kJTQszsyPiyU+fPED5B8=
github.com/phroun/direct-key-handler v0.3.18/go.mod h1:CWjFowE+EYo5s/OtQas+dE/QDKvm+UL+cnXoCxjnHns=
github.com/phroun/direct-key-handler v0.3.19 h1:FcOu4RqZQOpHec2AXQGvv66KlpVK29tsEicizXKHFaU=
github.com/phroun/direct-key-handler v0.3.19/go.mod h1:CWjFowE+EYo5s/OtQas+dE/QDKvm+UL+cnXoCxjnHns=
github.com/phroun/direct-key-handler v0.3.20 h1:ymGVIqyQ4qzuGlGZCHYo6Nr1zRv2RYupy5BwzZB8g0Y=
github.com/phroun/direct-key-handler v0.3.20/go.mod h1:CWjFowE+EYo5s/OtQas+dE/QDKvm+UL+cnXoCxjnHns=
github.com/phroun/garland v0.1.11 h1:LinO36MzmNjwR4EGRErM3IM1BIz4b8ygzAbPZD0/fA4=
github.com/phroun/garland v0.1.11/go.mod h1:KHNTG2FATRg/DEWl5rn53nSmLdujrr5mBjl4McDcIP0=
github.com/phroun/ifitfits v0.1.1 h1:5Wx4fNlWWYUsWgwbvB0+BxY+EvoNUdIeIc8SNFzrYBQ=
github.com/phroun/ifitfits v0.1.1/go.mod h1:UZJQJxEM6tiM0PY0tjmHlyq7kFOSzG1IgJDUtxwIXS4=
github.com/phroun/key-sequence-processor v0.1.5 h1:tBbyO3x350+ElKxRi6uNQd9ZaHn6RKlO7kUMvG+xfzw=
github.com/phroun/key-sequence-processor v0.1.5/go.mod h1:8UjN3+5vhWmbl+a4ydIX55XoriB4CScWh9T6s97xYxc=
github.com/phroun/key-sequence-processor v0.1.6 h1:iewm48mhWayKl3qx/T4vof10hlwnSg69fVkjLd9lO9M=
github.com/phroun/key-sequence-processor v0.1.6/go.mod h1:8UjN3+5vhWmbl+a4ydIX55XoriB4CScWh9T6s97xYxc=
github.com/phroun/kittytk v0.1.23-alpha h1:b4omBYLoV64dwVFGhQ0HGclWKC7WYx1JjhCUUWxqOJ4=
github.com/phroun/kittytk v0.1.23-alpha/go.mod h1:C+lSoLm0H3IyKuU2bdiGiViFVME8r/qvTHJ/gHdJN+0=
github.com/phroun/pawscript v0.2.12-alpha h1:8uCXzv7vrWb090DLo0FlZQRZ5TLL648Nz52apsqj8Ig=
github.com/phroun/pawscript v0.2.12-alpha/go.mod h1:HrX9YJOxfwG8Q6NXjxsDmDmfQPsIrkrOcK1ps94h87s=
golang.org/x/sys v0.47.0 h1:o7XGOvZQCADBQQ4Y7VNq2dRWQR7JmOUW8Kxx4ZsNgWs=
golang.org/x/sys v0.47.0/go.mod h1:4GL1E5IUh+htKOUEOaiffhrAeqysfVGipDYzABqnCmw=
golang.org/x/term v0.45.0 h1:NwWyBmoJCbfTHpxrWoZ9C6/VxOf7ic219I8xZZFdrf0=
golang.org/x/term v0.45.0/go.mod h1:9aqxs0blBcrm/n0L9QW0aRVD+ktan8ssZromtqJC43w=
golang.org/x/text v0.41.0 h1:vz/seA0lnX87Othu2f/0L24RcgrXD9/YFTSuGjj3rH8=
golang.org/x/text v0.41.0/go.mod h1:jvf1O8ajNzZqhSrQBPbutR/EB83Cc0CFrezNQIwbb5M=
