github.com/clipperhouse/uax29/v2 v2.2.0 h1:ChwIKnQN3kcZteTXMgb1wztSgaU+ZemkgWdohwgs8tY=
github.com/clipperhouse/uax29/v2 v2.2.0/go.mod h1:EFJ2TJMRUaplDxHKj1qAEhCtQPW2tJSwu5BF98AuoVM=
github.com/go-text/render v0.2.1 h1:qwHhxqGUjjg4L0XyJWj7M7bpY75NZM+kBpv2Yfw5mcg=
github.com/go-text/render v0.2.1/go.mod h1:HCCAq8MUlm/WRcXshBb4K/n+IkjeXQ1c2Ba+yICSm0A=
github.com/go-text/typesetting v0.3.4 h1:YYurUOtEb9kGSOz4uE3k4OpBGsp1dDL8+fjCeaFamAU=
github.com/go-text/typesetting v0.3.4/go.mod h1:4qZCQphq4KSgGTAeI0uMEkVbROgfah8BuyF5LRYr7XY=
github.com/go-text/typesetting-utils v0.0.0-20260223113751-2d88ac90dae3 h1:drBZzMgdYPbmyXqOto4YhhJGrFIQCX94FpR4MzTCsos=
github.com/go-text/typesetting-utils v0.0.0-20260223113751-2d88ac90dae3/go.mod h1:3/62I4La/HBRX9TcTpBj4eipLiwzf+vhI+7whTc9V7o=
github.com/mattn/go-runewidth v0.0.24 h1:cpokDiIn0MGnhdHwuWnJBITySJ20QyNGnY2kR/ay2DU=
github.com/mattn/go-runewidth v0.0.24/go.mod h1:XBkDxAl56ILZc9knddidhrOlY5R/pDhgLpndooCuJAs=
github.com/phroun/argwild v0.0.1 h1:fuPz2nw3G1j4Jd8+6oqq6Icbs1qLCDIVrSwDxBeiFMw=
github.com/phroun/argwild v0.0.1/go.mod h1:bWr6chqXHw2CEMUoMMwHK6vRn02jCvv1lEpJugW+/6E=
github.com/phroun/direct-key-handler v0.3.7 h1:krckuCqr0rfwiijMVRByclj66lnA7/qzFsCx329iay8=
github.com/phroun/direct-key-handler v0.3.7/go.mod h1:CWjFowE+EYo5s/OtQas+dE/QDKvm+UL+cnXoCxjnHns=
github.com/phroun/garland v0.1.8 h1:b3gFxvKZ8TOY7AK5q2uojcdqFHcW8CwO2xiBTwjQV/w=
github.com/phroun/garland v0.1.8/go.mod h1:KHNTG2FATRg/DEWl5rn53nSmLdujrr5mBjl4McDcIP0=
github.com/phroun/mew v0.3.1-alpha h1:nZoCYsuBnrW73Ll7QuRYNhzOfCUng/breKzyR62Fk4E=
github.com/phroun/mew v0.3.1-alpha/go.mod h1:PHVb21QCVxAAySalmb9lzu4BGCKG6mrlnVOAg+9Ju5g=
github.com/phroun/pawscript v0.2.11-alpha h1:Z2mVJ8agR2GE1DO6ZrccX3vpIXdLXb9gXL2/DgR+HPc=
github.com/phroun/pawscript v0.2.11-alpha/go.mod h1:HrX9YJOxfwG8Q6NXjxsDmDmfQPsIrkrOcK1ps94h87s=
github.com/phroun/purfecterm v0.2.23 h1:T9ai4wrLvOfU3bUDUpxFBzmgFAgKGFlfHCNBaSvWkWs=
github.com/phroun/purfecterm v0.2.23/go.mod h1:9tZ5sV6a8trOv+AZ9syWw4o6EREti1gxrLW9E7eyeVA=
github.com/phroun/purfecterm v0.2.24 h1:iwVuXZQ5CgnenKL4UZYgcEfPtppMfIaF/sHG45V51V4=
github.com/phroun/purfecterm v0.2.24/go.mod h1:9tZ5sV6a8trOv+AZ9syWw4o6EREti1gxrLW9E7eyeVA=
github.com/phroun/purfecterm v0.2.25 h1:mICVBMcbswitm5Y6BCoo/Un/YNRRBKnYS1Gy9/DveU0=
github.com/phroun/purfecterm v0.2.25/go.mod h1:9tZ5sV6a8trOv+AZ9syWw4o6EREti1gxrLW9E7eyeVA=
github.com/phroun/purfecterm v0.2.26 h1:TxFSRxtOWHt6sr9qiGVEPzfX8oVIgBq5QX+bAYcX13A=
github.com/phroun/purfecterm v0.2.26/go.mod h1:9tZ5sV6a8trOv+AZ9syWw4o6EREti1gxrLW9E7eyeVA=
github.com/srwiley/oksvg v0.0.0-20221011165216-be6e8873101c h1:km8GpoQut05eY3GiYWEedbTT0qnSxrCjsVbb7yKY1KE=
github.com/srwiley/oksvg v0.0.0-20221011165216-be6e8873101c/go.mod h1:cNQ3dwVJtS5Hmnjxy6AgTPd0Inb3pW05ftPSX7NZO7Q=
github.com/srwiley/rasterx v0.0.0-20220730225603-2ab79fcdd4ef h1:Ch6Q+AZUxDBCVqdkI8FSpFyZDtCVBc2VmejdNrm5rRQ=
github.com/srwiley/rasterx v0.0.0-20220730225603-2ab79fcdd4ef/go.mod h1:nXTWP6+gD5+LUJ8krVhhoeHjvHTutPxMYl5SvkcnJNE=
github.com/veandco/go-sdl2 v0.4.40 h1:fZv6wC3zz1Xt167P09gazawnpa0KY5LM7JAvKpX9d/U=
github.com/veandco/go-sdl2 v0.4.40/go.mod h1:OROqMhHD43nT4/i9crJukyVecjPNYYuCofep6SNiAjY=
golang.org/x/image v0.44.0 h1:+tDekMZED9+LrtB3G5xzRggpVh9CARjZqROla3R3R+I=
golang.org/x/image v0.44.0/go.mod h1:V8K3KE9KKKE+pLpQDOeN18w9oacNSvy1tDOirTu4xtY=
golang.org/x/net v0.57.0 h1:K5+3DljvIuDG9/Jv9rvyMywYNFCQ9RSUY6OOTTkT+tE=
golang.org/x/net v0.57.0/go.mod h1:KpXc8iv+r3XplLAG/f7Jsf9RPszJzdR0f58q9vGOuEU=
golang.org/x/sys v0.47.0 h1:o7XGOvZQCADBQQ4Y7VNq2dRWQR7JmOUW8Kxx4ZsNgWs=
golang.org/x/sys v0.47.0/go.mod h1:4GL1E5IUh+htKOUEOaiffhrAeqysfVGipDYzABqnCmw=
golang.org/x/term v0.45.0 h1:NwWyBmoJCbfTHpxrWoZ9C6/VxOf7ic219I8xZZFdrf0=
golang.org/x/term v0.45.0/go.mod h1:9aqxs0blBcrm/n0L9QW0aRVD+ktan8ssZromtqJC43w=
golang.org/x/text v0.40.0 h1:Ub2Z6/xjgF1WrYQz2nuITOEegKFtiIy+rieRJ5lHZKs=
golang.org/x/text v0.40.0/go.mod h1:hpnzDAfGV753zIKo+wk3u1bVKCGPbrnF7+7LBF/UHVY=
