github.com/clipperhouse/uax29/v2 v2.2.0 h1:ChwIKnQN3kcZteTXMgb1wztSgaU+ZemkgWdohwgs8tY=
github.com/mattn/go-runewidth v0.0.24 h1:cpokDiIn0MGnhdHwuWnJBITySJ20QyNGnY2kR/ay2DU=
github.com/phroun/argwild v0.0.1 h1:fuPz2nw3G1j4Jd8+6oqq6Icbs1qLCDIVrSwDxBeiFMw=
github.com/phroun/direct-key-handler v0.3.7 h1:krckuCqr0rfwiijMVRByclj66lnA7/qzFsCx329iay8=
github.com/phroun/garland v0.1.8 h1:b3gFxvKZ8TOY7AK5q2uojcdqFHcW8CwO2xiBTwjQV/w=
github.com/phroun/mew v0.3.1-alpha h1:nZoCYsuBnrW73Ll7QuRYNhzOfCUng/breKzyR62Fk4E=
github.com/phroun/pawscript v0.2.11-alpha h1:Z2mVJ8agR2GE1DO6ZrccX3vpIXdLXb9gXL2/DgR+HPc=
golang.org/x/sys v0.47.0 h1:o7XGOvZQCADBQQ4Y7VNq2dRWQR7JmOUW8Kxx4ZsNgWs=
golang.org/x/term v0.45.0 h1:NwWyBmoJCbfTHpxrWoZ9C6/VxOf7ic219I8xZZFdrf0=
golang.org/x/text v0.40.0 h1:Ub2Z6/xjgF1WrYQz2nuITOEegKFtiIy+rieRJ5lHZKs=
